// !$*UTF8*$!
{
	archiveVersion = 1;
	classes = {
	};
	objectVersion = 50;
	objects = {

/* Begin PBXBuildFile section */
		8C25F6FF23F69809002A9B7F /* AppDelegate.swift in Sources */ = {isa = PBXBuildFile; fileRef = 8C25F6FE23F69809002A9B7F /* AppDelegate.swift */; };
		8C25F70123F69809002A9B7F /* SceneDelegate.swift in Sources */ = {isa = PBXBuildFile; fileRef = 8C25F70023F69809002A9B7F /* SceneDelegate.swift */; };
		8C25F70423F69809002A9B7F /* TP1_SwiftUI_three_screens.xcdatamodeld in Sources */ = {isa = PBXBuildFile; fileRef = 8C25F70223F69809002A9B7F /* TP1_SwiftUI_three_screens.xcdatamodeld */; };
		8C25F70823F6980B002A9B7F /* Assets.xcassets in Resources */ = {isa = PBXBuildFile; fileRef = 8C25F70723F6980B002A9B7F /* Assets.xcassets */; };
		8C25F70B23F6980B002A9B7F /* Preview Assets.xcassets in Resources */ = {isa = PBXBuildFile; fileRef = 8C25F70A23F6980B002A9B7F /* Preview Assets.xcassets */; };
		8C25F70E23F6980B002A9B7F /* LaunchScreen.storyboard in Resources */ = {isa = PBXBuildFile; fileRef = 8C25F70C23F6980B002A9B7F /* LaunchScreen.storyboard */; };
		8C25F71A23F69829002A9B7F /* ContactList.swift in Sources */ = {isa = PBXBuildFile; fileRef = 8C25F71823F69828002A9B7F /* ContactList.swift */; };
		8C25F71B23F69829002A9B7F /* Personne.swift in Sources */ = {isa = PBXBuildFile; fileRef = 8C25F71923F69828002A9B7F /* Personne.swift */; };
		8C25F72123F69840002A9B7F /* AddContactView.swift in Sources */ = {isa = PBXBuildFile; fileRef = 8C25F71D23F69840002A9B7F /* AddContactView.swift */; };
		8C25F72223F69840002A9B7F /* ContactRowStyle.swift in Sources */ = {isa = PBXBuildFile; fileRef = 8C25F71E23F69840002A9B7F /* ContactRowStyle.swift */; };
		8C25F72323F69840002A9B7F /* ContentView.swift in Sources */ = {isa = PBXBuildFile; fileRef = 8C25F71F23F69840002A9B7F /* ContentView.swift */; };
		8C25F72423F69840002A9B7F /* ShowPersonneDetail.swift in Sources */ = {isa = PBXBuildFile; fileRef = 8C25F72023F69840002A9B7F /* ShowPersonneDetail.swift */; };
/* End PBXBuildFile section */

/* Begin PBXFileReference section */
		8C25F6FB23F69809002A9B7F /* TP1_SwiftUI_three_screens.app */ = {isa = PBXFileReference; explicitFileType = wrapper.application; includeInIndex = 0; path = TP1_SwiftUI_three_screens.app; sourceTree = BUILT_PRODUCTS_DIR; };
		8C25F6FE23F69809002A9B7F /* AppDelegate.swift */ = {isa = PBXFileReference; lastKnownFileType = sourcecode.swift; path = AppDelegate.swift; sourceTree = "<group>"; };
		8C25F70023F69809002A9B7F /* SceneDelegate.swift */ = {isa = PBXFileReference; lastKnownFileType = sourcecode.swift; path = SceneDelegate.swift; sourceTree = "<group>"; };
		8C25F70323F69809002A9B7F /* TP1_SwiftUI_three_screens.xcdatamodel */ = {isa = PBXFileReference; lastKnownFileType = wrapper.xcdatamodel; path = TP1_SwiftUI_three_screens.xcdatamodel; sourceTree = "<group>"; };
		8C25F70723F6980B002A9B7F /* Assets.xcassets */ = {isa = PBXFileReference; lastKnownFileType = folder.assetcatalog; path = Assets.xcassets; sourceTree = "<group>"; };
		8C25F70A23F6980B002A9B7F /* Preview Assets.xcassets */ = {isa = PBXFileReference; lastKnownFileType = folder.assetcatalog; path = "Preview Assets.xcassets"; sourceTree = "<group>"; };
		8C25F70D23F6980B002A9B7F /* Base */ = {isa = PBXFileReference; lastKnownFileType = file.storyboard; name = Base; path = Base.lproj/LaunchScreen.storyboard; sourceTree = "<group>"; };
		8C25F70F23F6980B002A9B7F /* Info.plist */ = {isa = PBXFileReference; lastKnownFileType = text.plist.xml; path = Info.plist; sourceTree = "<group>"; };
		8C25F71823F69828002A9B7F /* ContactList.swift */ = {isa = PBXFileReference; fileEncoding = 4; lastKnownFileType = sourcecode.swift; path = ContactList.swift; sourceTree = "<group>"; };
		8C25F71923F69828002A9B7F /* Personne.swift */ = {isa = PBXFileReference; fileEncoding = 4; lastKnownFileType = sourcecode.swift; path = Personne.swift; sourceTree = "<group>"; };
		8C25F71D23F69840002A9B7F /* AddContactView.swift */ = {isa = PBXFileReference; fileEncoding = 4; lastKnownFileType = sourcecode.swift; path = AddContactView.swift; sourceTree = "<group>"; };
		8C25F71E23F69840002A9B7F /* ContactRowStyle.swift */ = {isa = PBXFileReference; fileEncoding = 4; lastKnownFileType = sourcecode.swift; path = ContactRowStyle.swift; sourceTree = "<group>"; };
		8C25F71F23F69840002A9B7F /* ContentView.swift */ = {isa = PBXFileReference; fileEncoding = 4; lastKnownFileType = sourcecode.swift; path = ContentView.swift; sourceTree = "<group>"; };
		8C25F72023F69840002A9B7F /* ShowPersonneDetail.swift */ = {isa = PBXFileReference; fileEncoding = 4; lastKnownFileType = sourcecode.swift; path = ShowPersonneDetail.swift; sourceTree = "<group>"; };
		8C25F74C23F8612B002A9B7F /* README.md */ = {isa = PBXFileReference; lastKnownFileType = net.daringfireball.markdown; path = README.md; sourceTree = "<group>"; };
/* End PBXFileReference section */

/* Begin PBXFrameworksBuildPhase section */
		8C25F6F823F69809002A9B7F /* Frameworks */ = {
			isa = PBXFrameworksBuildPhase;
			buildActionMask = 2147483647;
			files = (
			);
			runOnlyForDeploymentPostprocessing = 0;
		};
/* End PBXFrameworksBuildPhase section */

/* Begin PBXGroup section */
		8C25F6F223F69809002A9B7F = {
			isa = PBXGroup;
			children = (
				8C25F74C23F8612B002A9B7F /* README.md */,
				8C25F6FD23F69809002A9B7F /* TP1_SwiftUI_three_screens */,
				8C25F6FC23F69809002A9B7F /* Products */,
			);
			sourceTree = "<group>";
		};
		8C25F6FC23F69809002A9B7F /* Products */ = {
			isa = PBXGroup;
			children = (
				8C25F6FB23F69809002A9B7F /* TP1_SwiftUI_three_screens.app */,
			);
			name = Products;
			sourceTree = "<group>";
		};
		8C25F6FD23F69809002A9B7F /* TP1_SwiftUI_three_screens */ = {
			isa = PBXGroup;
			children = (
				8C25F71C23F69840002A9B7F /* View */,
				8C25F71723F69828002A9B7F /* Model */,
				8C25F6FE23F69809002A9B7F /* AppDelegate.swift */,
				8C25F70023F69809002A9B7F /* SceneDelegate.swift */,
				8C25F70723F6980B002A9B7F /* Assets.xcassets */,
				8C25F70C23F6980B002A9B7F /* LaunchScreen.storyboard */,
				8C25F70F23F6980B002A9B7F /* Info.plist */,
				8C25F70223F69809002A9B7F /* TP1_SwiftUI_three_screens.xcdatamodeld */,
				8C25F70923F6980B002A9B7F /* Preview Content */,
			);
			path = TP1_SwiftUI_three_screens;
			sourceTree = "<group>";
		};
		8C25F70923F6980B002A9B7F /* Preview Content */ = {
			isa = PBXGroup;
			children = (
				8C25F70A23F6980B002A9B7F /* Preview Assets.xcassets */,
			);
			path = "Preview Content";
			sourceTree = "<group>";
		};
		8C25F71723F69828002A9B7F /* Model */ = {
			isa = PBXGroup;
			children = (
				8C25F71923F69828002A9B7F /* Personne.swift */,
				8C25F71823F69828002A9B7F /* ContactList.swift */,
			);
			path = Model;
			sourceTree = "<group>";
		};
		8C25F71C23F69840002A9B7F /* View */ = {
			isa = PBXGroup;
			children = (
				8C25F71D23F69840002A9B7F /* AddContactView.swift */,
				8C25F71E23F69840002A9B7F /* ContactRowStyle.swift */,
				8C25F71F23F69840002A9B7F /* ContentView.swift */,
				8C25F72023F69840002A9B7F /* ShowPersonneDetail.swift */,
			);
			path = View;
			sourceTree = "<group>";
		};
/* End PBXGroup section */

/* Begin PBXNativeTarget section */
		8C25F6FA23F69809002A9B7F /* TP1_SwiftUI_three_screens */ = {
			isa = PBXNativeTarget;
			buildConfigurationList = 8C25F71223F6980B002A9B7F /* Build configuration list for PBXNativeTarget "TP1_SwiftUI_three_screens" */;
			buildPhases = (
				8C25F6F723F69809002A9B7F /* Sources */,
				8C25F6F823F69809002A9B7F /* Frameworks */,
				8C25F6F923F69809002A9B7F /* Resources */,
			);
			buildRules = (
			);
			dependencies = (
			);
			name = TP1_SwiftUI_three_screens;
			productName = TP1_SwiftUI_three_screens;
			productReference = 8C25F6FB23F69809002A9B7F /* TP1_SwiftUI_three_screens.app */;
			productType = "com.apple.product-type.application";
		};
/* End PBXNativeTarget section */

/* Begin PBXProject section */
		8C25F6F323F69809002A9B7F /* Project object */ = {
			isa = PBXProject;
			attributes = {
				LastSwiftUpdateCheck = 1130;
				LastUpgradeCheck = 1130;
				ORGANIZATIONNAME = "vincent Berry";
				TargetAttributes = {
					8C25F6FA23F69809002A9B7F = {
						CreatedOnToolsVersion = 11.3;
					};
				};
			};
			buildConfigurationList = 8C25F6F623F69809002A9B7F /* Build configuration list for PBXProject "TP1_SwiftUI_three_screens" */;
			compatibilityVersion = "Xcode 9.3";
			developmentRegion = en;
			hasScannedForEncodings = 0;
			knownRegions = (
				en,
				Base,
			);
			mainGroup = 8C25F6F223F69809002A9B7F;
			productRefGroup = 8C25F6FC23F69809002A9B7F /* Products */;
			projectDirPath = "";
			projectRoot = "";
			targets = (
				8C25F6FA23F69809002A9B7F /* TP1_SwiftUI_three_screens */,
			);
		};
/* End PBXProject section */

/* Begin PBXResourcesBuildPhase section */
		8C25F6F923F69809002A9B7F /* Resources */ = {
			isa = PBXResourcesBuildPhase;
			buildActionMask = 2147483647;
			files = (
				8C25F70E23F6980B002A9B7F /* LaunchScreen.storyboard in Resources */,
				8C25F70B23F6980B002A9B7F /* Preview Assets.xcassets in Resources */,
				8C25F70823F6980B002A9B7F /* Assets.xcassets in Resources */,
			);
			runOnlyForDeploymentPostprocessing = 0;
		};
/* End PBXResourcesBuildPhase section */

/* Begin PBXSourcesBuildPhase section */
		8C25F6F723F69809002A9B7F /* Sources */ = {
			isa = PBXSourcesBuildPhase;
			buildActionMask = 2147483647;
			files = (
				8C25F6FF23F69809002A9B7F /* AppDelegate.swift in Sources */,
				8C25F70123F69809002A9B7F /* SceneDelegate.swift in Sources */,
				8C25F70423F69809002A9B7F /* TP1_SwiftUI_three_screens.xcdatamodeld in Sources */,
				8C25F71A23F69829002A9B7F /* ContactList.swift in Sources */,
				8C25F72323F69840002A9B7F /* ContentView.swift in Sources */,
				8C25F72223F69840002A9B7F /* ContactRowStyle.swift in Sources */,
				8C25F72423F69840002A9B7F /* ShowPersonneDetail.swift in Sources */,
				8C25F72123F69840002A9B7F /* AddContactView.swift in Sources */,
				8C25F71B23F69829002A9B7F /* Personne.swift in Sources */,
			);
			runOnlyForDeploymentPostprocessing = 0;
		};
/* End PBXSourcesBuildPhase section */

/* Begin PBXVariantGroup section */
		8C25F70C23F6980B002A9B7F /* LaunchScreen.storyboard */ = {
			isa = PBXVariantGroup;
			children = (
				8C25F70D23F6980B002A9B7F /* Base */,
			);
			name = LaunchScreen.storyboard;
			sourceTree = "<group>";
		};
/* End PBXVariantGroup section */

/* Begin XCBuildConfiguration section */
		8C25F71023F6980B002A9B7F /* Debug */ = {
			isa = XCBuildConfiguration;
			buildSettings = {
				ALWAYS_SEARCH_USER_PATHS = NO;
				CLANG_ANALYZER_NONNULL = YES;
				CLANG_ANALYZER_NUMBER_OBJECT_CONVERSION = YES_AGGRESSIVE;
				CLANG_CXX_LANGUAGE_STANDARD = "gnu++14";
				CLANG_CXX_LIBRARY = "libc++";
				CLANG_ENABLE_MODULES = YES;
				CLANG_ENABLE_OBJC_ARC = YES;
				CLANG_ENABLE_OBJC_WEAK = YES;
				CLANG_WARN_BLOCK_CAPTURE_AUTORELEASING = YES;
				CLANG_WARN_BOOL_CONVERSION = YES;
				CLANG_WARN_COMMA = YES;
				CLANG_WARN_CONSTANT_CONVERSION = YES;
				CLANG_WARN_DEPRECATED_OBJC_IMPLEMENTATIONS = YES;
				CLANG_WARN_DIRECT_OBJC_ISA_USAGE = YES_ERROR;
				CLANG_WARN_DOCUMENTATION_COMMENTS = YES;
				CLANG_WARN_EMPTY_BODY = YES;
				CLANG_WARN_ENUM_CONVERSION = YES;
				CLANG_WARN_INFINITE_RECURSION = YES;
				CLANG_WARN_INT_CONVERSION = YES;
				CLANG_WARN_NON_LITERAL_NULL_CONVERSION = YES;
				CLANG_WARN_OBJC_IMPLICIT_RETAIN_SELF = YES;
				CLANG_WARN_OBJC_LITERAL_CONVERSION = YES;
				CLANG_WARN_OBJC_ROOT_CLASS = YES_ERROR;
				CLANG_WARN_RANGE_LOOP_ANALYSIS = YES;
				CLANG_WARN_STRICT_PROTOTYPES = YES;
				CLANG_WARN_SUSPICIOUS_MOVE = YES;
				CLANG_WARN_UNGUARDED_AVAILABILITY = YES_AGGRESSIVE;
				CLANG_WARN_UNREACHABLE_CODE = YES;
				CLANG_WARN__DUPLICATE_METHOD_MATCH = YES;
				COPY_PHASE_STRIP = NO;
				DEBUG_INFORMATION_FORMAT = dwarf;
				ENABLE_STRICT_OBJC_MSGSEND = YES;
				ENABLE_TESTABILITY = YES;
				GCC_C_LANGUAGE_STANDARD = gnu11;
				GCC_DYNAMIC_NO_PIC = NO;
				GCC_NO_COMMON_BLOCKS = YES;
				GCC_OPTIMIZATION_LEVEL = 0;
				GCC_PREPROCESSOR_DEFINITIONS = (
					"DEBUG=1",
					"$(inherited)",
				);
				GCC_WARN_64_TO_32_BIT_CONVERSION = YES;
				GCC_WARN_ABOUT_RETURN_TYPE = YES_ERROR;
				GCC_WARN_UNDECLARED_SELECTOR = YES;
				GCC_WARN_UNINITIALIZED_AUTOS = YES_AGGRESSIVE;
				GCC_WARN_UNUSED_FUNCTION = YES;
				GCC_WARN_UNUSED_VARIABLE = YES;
				IPHONEOS_DEPLOYMENT_TARGET = 13.2;
				MTL_ENABLE_DEBUG_INFO = INCLUDE_SOURCE;
				MTL_FAST_MATH = YES;
				ONLY_ACTIVE_ARCH = YES;
				SDKROOT = iphoneos;
				SWIFT_ACTIVE_COMPILATION_CONDITIONS = DEBUG;
				SWIFT_OPTIMIZATION_LEVEL = "-Onone";
			};
			name = Debug;
		};
		8C25F71123F6980B002A9B7F /* Release */ = {
			isa = XCBuildConfiguration;
			buildSettings = {
				ALWAYS_SEARCH_USER_PATHS = NO;
				CLANG_ANALYZER_NONNULL = YES;
				CLANG_ANALYZER_NUMBER_OBJECT_CONVERSION = YES_AGGRESSIVE;
				CLANG_CXX_LANGUAGE_STANDARD = "gnu++14";
				CLANG_CXX_LIBRARY = "libc++";
				CLANG_ENABLE_MODULES = YES;
				CLANG_ENABLE_OBJC_ARC = YES;
				CLANG_ENABLE_OBJC_WEAK = YES;
				CLANG_WARN_BLOCK_CAPTURE_AUTORELEASING = YES;
				CLANG_WARN_BOOL_CONVERSION = YES;
				CLANG_WARN_COMMA = YES;
				CLANG_WARN_CONSTANT_CONVERSION = YES;
				CLANG_WARN_DEPRECATED_OBJC_IMPLEMENTATIONS = YES;
				CLANG_WARN_DIRECT_OBJC_ISA_USAGE = YES_ERROR;
				CLANG_WARN_DOCUMENTATION_COMMENTS = YES;
				CLANG_WARN_EMPTY_BODY = YES;
				CLANG_WARN_ENUM_CONVERSION = YES;
				CLANG_WARN_INFINITE_RECURSION = YES;
				CLANG_WARN_INT_CONVERSION = YES;
				CLANG_WARN_NON_LITERAL_NULL_CONVERSION = YES;
				CLANG_WARN_OBJC_IMPLICIT_RETAIN_SELF = YES;
				CLANG_WARN_OBJC_LITERAL_CONVERSION = YES;
				CLANG_WARN_OBJC_ROOT_CLASS = YES_ERROR;
				CLANG_WARN_RANGE_LOOP_ANALYSIS = YES;
				CLANG_WARN_STRICT_PROTOTYPES = YES;
				CLANG_WARN_SUSPICIOUS_MOVE = YES;
				CLANG_WARN_UNGUARDED_AVAILABILITY = YES_AGGRESSIVE;
				CLANG_WARN_UNREACHABLE_CODE = YES;
				CLANG_WARN__DUPLICATE_METHOD_MATCH = YES;
				COPY_PHASE_STRIP = NO;
				DEBUG_INFORMATION_FORMAT = "dwarf-with-dsym";
				ENABLE_NS_ASSERTIONS = NO;
				ENABLE_STRICT_OBJC_MSGSEND = YES;
				GCC_C_LANGUAGE_STANDARD = gnu11;
				GCC_NO_COMMON_BLOCKS = YES;
				GCC_WARN_64_TO_32_BIT_CONVERSION = YES;
				GCC_WARN_ABOUT_RETURN_TYPE = YES_ERROR;
				GCC_WARN_UNDECLARED_SELECTOR = YES;
				GCC_WARN_UNINITIALIZED_AUTOS = YES_AGGRESSIVE;
				GCC_WARN_UNUSED_FUNCTION = YES;
				GCC_WARN_UNUSED_VARIABLE = YES;
				IPHONEOS_DEPLOYMENT_TARGET = 13.2;
				MTL_ENABLE_DEBUG_INFO = NO;
				MTL_FAST_MATH = YES;
				SDKROOT = iphoneos;
				SWIFT_COMPILATION_MODE = wholemodule;
				SWIFT_OPTIMIZATION_LEVEL = "-O";
				VALIDATE_PRODUCT = YES;
			};
			name = Release;
		};
		8C25F71323F6980B002A9B7F /* Debug */ = {
			isa = XCBuildConfiguration;
			buildSettings = {
				ASSETCATALOG_COMPILER_APPICON_NAME = AppIcon;
				CODE_SIGN_STYLE = Automatic;
				DEVELOPMENT_ASSET_PATHS = "\"TP1_SwiftUI_three_screens/Preview Content\"";
				DEVELOPMENT_TEAM = YBWJWR2AAB;
				ENABLE_PREVIEWS = YES;
				INFOPLIST_FILE = TP1_SwiftUI_three_screens/Info.plist;
				LD_RUNPATH_SEARCH_PATHS = (
					"$(inherited)",
					"@executable_path/Frameworks",
				);
				PRODUCT_BUNDLE_IDENTIFIER = "Polytech.TP1-SwiftUI-three-screens";
				PRODUCT_NAME = "$(TARGET_NAME)";
				SWIFT_VERSION = 5.0;
				TARGETED_DEVICE_FAMILY = "1,2";
			};
			name = Debug;
		};
		8C25F71423F6980B002A9B7F /* Release */ = {
			isa = XCBuildConfiguration;
			buildSettings = {
				ASSETCATALOG_COMPILER_APPICON_NAME = AppIcon;
				CODE_SIGN_STYLE = Automatic;
				DEVELOPMENT_ASSET_PATHS = "\"TP1_SwiftUI_three_screens/Preview Content\"";
				DEVELOPMENT_TEAM = YBWJWR2AAB;
				ENABLE_PREVIEWS = YES;
				INFOPLIST_FILE = TP1_SwiftUI_three_screens/Info.plist;
				LD_RUNPATH_SEARCH_PATHS = (
					"$(inherited)",
					"@executable_path/Frameworks",
				);
				PRODUCT_BUNDLE_IDENTIFIER = "Polytech.TP1-SwiftUI-three-screens";
				PRODUCT_NAME = "$(TARGET_NAME)";
				SWIFT_VERSION = 5.0;
				TARGETED_DEVICE_FAMILY = "1,2";
			};
			name = Release;
		};
/* End XCBuildConfiguration section */

/* Begin XCConfigurationList section */
		8C25F6F623F69809002A9B7F /* Build configuration list for PBXProject "TP1_SwiftUI_three_screens" */ = {
			isa = XCConfigurationList;
			buildConfigurations = (
				8C25F71023F6980B002A9B7F /* Debug */,
				8C25F71123F6980B002A9B7F /* Release */,
			);
			defaultConfigurationIsVisible = 0;
			defaultConfigurationName = Release;
		};
		8C25F71223F6980B002A9B7F /* Build configuration list for PBXNativeTarget "TP1_SwiftUI_three_screens" */ = {
			isa = XCConfigurationList;
			buildConfigurations = (
				8C25F71323F6980B002A9B7F /* Debug */,
				8C25F71423F6980B002A9B7F /* Release */,
			);
			defaultConfigurationIsVisible = 0;
			defaultConfigurationName = Release;
		};
/* End XCConfigurationList section */

/* Begin XCVersionGroup section */
		8C25F70223F69809002A9B7F /* TP1_SwiftUI_three_screens.xcdatamodeld */ = {
			isa = XCVersionGroup;
			children = (
				8C25F70323F69809002A9B7F /* TP1_SwiftUI_three_screens.xcdatamodel */,
			);
			currentVersion = 8C25F70323F69809002A9B7F /* TP1_SwiftUI_three_screens.xcdatamodel */;
			path = TP1_SwiftUI_three_screens.xcdatamodeld;
			sourceTree = "<group>";
			versionGroupType = wrapper.xcdatamodel;
		};
/* End XCVersionGroup section */
	};
	rootObject = 8C25F6F323F69809002A9B7F /* Project object */;
}
